{
  "name": "tree-sitter-cobol",
  "version": "0.0.0",
  "lockfileVersion": 2,
  "requires": true,
  "packages": {
    "": {
      "name": "tree-sitter-cobol",
      "version": "0.0.0",
      "license": "MIT",
      "dependencies": {
        "nan": "^2.14.1"
      },
      "devDependencies": {
        "prettier": "^2.0.5",
        "tree-sitter-cli": "^0.16.7"
      }
    },
    "node_modules/nan": {
      "version": "2.14.1",
      "resolved": "https://registry.npmjs.org/nan/-/nan-2.14.1.tgz",
      "integrity": "sha512-isWHgVjnFjh2x2yuJ/tj3JbwoHu3UC2dX5G/88Cm24yB6YopVgxvBObDY7n5xW6ExmFhJpSEQqFPvq9zaXc8Jw=="
    },
    "node_modules/prettier": {
      "version": "2.0.5",
      "resolved": "https://registry.npmjs.org/prettier/-/prettier-2.0.5.tgz",
      "integrity": "sha512-7PtVymN48hGcO4fGjybyBSIWDsLU4H4XlvOHfq91pz9kkGlonzwTfYkaIEwiRg/dAJF9YlbsduBAgtYLi+8cFg==",
      "dev": true,
      "bin": {
        "prettier": "bin-prettier.js"
      },
      "engines": {
        "node": ">=10.13.0"
      }
    },
    "node_modules/tree-sitter-cli": {
      "version": "0.16.7",
      "resolved": "https://registry.npmjs.org/tree-sitter-cli/-/tree-sitter-cli-0.16.7.tgz",
      "integrity": "sha512-nupMLwveMlOCni7VoenQb02h0tBZvX1wpXW5r5hRKpliOQO/Mvau+X1Ug1hvYlnCGgqPQqYFIOoumT87nJBkhA==",
      "dev": true,
      "hasInstallScript": true,
      "bin": {
        "tree-sitter": "cli.js"
      }
    }
  },
  "dependencies": {
    "nan": {
      "version": "2.14.1",
      "resolved": "https://registry.npmjs.org/nan/-/nan-2.14.1.tgz",
      "integrity": "sha512-isWHgVjnFjh2x2yuJ/tj3JbwoHu3UC2dX5G/88Cm24yB6YopVgxvBObDY7n5xW6ExmFhJpSEQqFPvq9zaXc8Jw=="
    },
    "prettier": {
      "version": "2.0.5",
      "resolved": "https://registry.npmjs.org/prettier/-/prettier-2.0.5.tgz",
      "integrity": "sha512-7PtVymN48hGcO4fGjybyBSIWDsLU4H4XlvOHfq91pz9kkGlonzwTfYkaIEwiRg/dAJF9YlbsduBAgtYLi+8cFg==",
      "dev": true
    },
    "tree-sitter-cli": {
      "version": "0.16.7",
      "resolved": "https://registry.npmjs.org/tree-sitter-cli/-/tree-sitter-cli-0.16.7.tgz",
      "integrity": "sha512-nupMLwveMlOCni7VoenQb02h0tBZvX1wpXW5r5hRKpliOQO/Mvau+X1Ug1hvYlnCGgqPQqYFIOoumT87nJBkhA==",
      "dev": true
    }
  }
}
